<?xml version="1.0" encoding="utf-8"?>
<Project ToolsVersion="4.0" xmlns="http://schemas.microsoft.com/developer/msbuild/2003">
  <ItemGroup>
    <Filter Include="Source Files">
      <UniqueIdentifier>{4FC737F1-C7A5-4376-A066-2A32D752A2FF}</UniqueIdentifier>
      <Extensions>cpp;c;cc;cxx;def;odl;idl;hpj;bat;asm;asmx</Extensions>
    </Filter>
    <Filter Include="Header Files">
      <UniqueIdentifier>{93995380-89BD-4b04-88EB-625FBE52EBFB}</UniqueIdentifier>
      <Extensions>h;hh;hpp;hxx;hm;inl;inc;xsd</Extensions>
    </Filter>
    <Filter Include="Resource Files">
      <UniqueIdentifier>{67DA6AB6-F800-4c08-8B7A-83BB121AAD01}</UniqueIdentifier>
      <Extensions>rc;ico;cur;bmp;dlg;rc2;rct;bin;rgs;gif;jpg;jpeg;jpe;resx;tiff;tif;png;wav;mfcribbon-ms</Extensions>
    </Filter>
    <Filter Include="Source Files\engine">
      <UniqueIdentifier>{759f5f6b-ca44-4a45-953d-00f937d74367}</UniqueIdentifier>
    </Filter>
    <Filter Include="Source Files\engine\program_states">
      <UniqueIdentifier>{09ef689b-a76c-43e9-abdf-5c84559639f6}</UniqueIdentifier>
    </Filter>
    <Filter Include="Header Files\engine">
      <UniqueIdentifier>{45e4bf7a-abb4-46f3-b4b3-bdc7a987547d}</UniqueIdentifier>
    </Filter>
    <Filter Include="Header Files\engine\program_states">
      <UniqueIdentifier>{bbcd745b-45e8-4088-a907-609341725506}</UniqueIdentifier>
    </Filter>
    <Filter Include="Header Files\layers">
      <UniqueIdentifier>{4ff60e3e-9a9c-4a8e-97a5-1d7036922548}</UniqueIdentifier>
    </Filter>
    <Filter Include="Header Files\loaders">
      <UniqueIdentifier>{e7c6f43f-0599-4967-9180-6789f5c5dd13}</UniqueIdentifier>
    </Filter>
    <Filter Include="Header Files\math">
      <UniqueIdentifier>{002dfdeb-0bdf-4861-b8f5-4535124834a6}</UniqueIdentifier>
    </Filter>
    <Filter Include="Source Files\math">
      <UniqueIdentifier>{e3360072-e8a2-4fc2-8c92-a892aa4c1ccf}</UniqueIdentifier>
    </Filter>
    <Filter Include="Source Files\layers">
      <UniqueIdentifier>{2c57cccc-6e76-4ff3-a63b-9babb4317326}</UniqueIdentifier>
    </Filter>
    <Filter Include="Header Files\engine\clock">
      <UniqueIdentifier>{7bb4b6f1-fc60-4cee-bb4b-cd5420a0378c}</UniqueIdentifier>
    </Filter>
    <Filter Include="Source Files\engine\clock">
      <UniqueIdentifier>{b4c044a5-80d1-4907-829f-94dff721c2e5}</UniqueIdentifier>
    </Filter>
    <Filter Include="Source Files\loaders">
      <UniqueIdentifier>{43ce1e24-abe8-4e6b-8116-17b8a86c02db}</UniqueIdentifier>
    </Filter>
    <Filter Include="Header Files\engine\utility">
      <UniqueIdentifier>{75df3add-6a94-4db4-80d7-b913cd6bd081}</UniqueIdentifier>
    </Filter>
    <Filter Include="Source Files\engine\utility">
      <UniqueIdentifier>{417c4920-40c6-48ec-9945-a9b25cbeed19}</UniqueIdentifier>
    </Filter>
    <Filter Include="Header Files\notes">
      <UniqueIdentifier>{be35cebe-80b7-4b8d-b7f3-496cf5fb34c6}</UniqueIdentifier>
    </Filter>
    <Filter Include="Header Files\engine\systems">
      <UniqueIdentifier>{9d408852-5fd1-47b0-8ca5-3a5a696c1d90}</UniqueIdentifier>
    </Filter>
    <Filter Include="Source Files\engine\systems">
      <UniqueIdentifier>{e1b7cb9d-e70a-4f69-abdc-75958c246e76}</UniqueIdentifier>
    </Filter>
    <Filter Include="Header Files\engine\render_objects">
      <UniqueIdentifier>{1d72c0c2-c9ef-4322-8348-07f44b347e2d}</UniqueIdentifier>
    </Filter>
    <Filter Include="Source Files\engine\render_objects">
      <UniqueIdentifier>{864b6d70-9340-44f4-822e-eb5015561576}</UniqueIdentifier>
    </Filter>
  </ItemGroup>
  <ItemGroup>
    <ClCompile Include="box.cpp">
      <Filter>Source Files\engine\render_objects</Filter>
    </ClCompile>
    <ClCompile Include="rectangle.cpp">
      <Filter>Source Files\engine\render_objects</Filter>
    </ClCompile>
    <ClCompile Include="sphere.cpp">
      <Filter>Source Files\engine\render_objects</Filter>
    </ClCompile>
    <ClCompile Include="linear_algebra.cpp">
      <Filter>Source Files\math</Filter>
    </ClCompile>
    <ClCompile Include="plane2d.cpp">
      <Filter>Source Files\engine\render_objects</Filter>
    </ClCompile>
    <ClCompile Include="math.cpp">
      <Filter>Source Files\math</Filter>
    </ClCompile>
    <ClCompile Include="line.cpp">
      <Filter>Source Files\engine\render_objects</Filter>
    </ClCompile>
    <ClCompile Include="point.cpp">
      <Filter>Source Files\engine\render_objects</Filter>
    </ClCompile>
    <ClCompile Include="heightmap.cpp">
      <Filter>Source Files\engine\render_objects</Filter>
    </ClCompile>
    <ClCompile Include="win32_layer.cpp">
      <Filter>Source Files\layers</Filter>
    </ClCompile>
    <ClCompile Include="opengl_layer.cpp">
      <Filter>Source Files\layers</Filter>
    </ClCompile>
    <ClCompile Include="clock.cpp">
      <Filter>Source Files\engine\clock</Filter>
    </ClCompile>
    <ClCompile Include="collision_system.cpp">
      <Filter>Source Files\engine\systems</Filter>
    </ClCompile>
    <ClCompile Include="physics_system.cpp">
      <Filter>Source Files\engine\systems</Filter>
    </ClCompile>
    <ClCompile Include="entity_system.cpp">
      <Filter>Source Files\engine\systems</Filter>
    </ClCompile>
    <ClCompile Include="game_state.cpp">
      <Filter>Source Files\engine\program_states</Filter>
    </ClCompile>
    <ClCompile Include="menu_state.cpp">
      <Filter>Source Files\engine\program_states</Filter>
    </ClCompile>
    <ClCompile Include="title_state.cpp">
      <Filter>Source Files\engine\program_states</Filter>
    </ClCompile>
    <ClCompile Include="input_state.cpp">
      <Filter>Source Files\engine\program_states</Filter>
    </ClCompile>
    <ClCompile Include="png.cpp">
      <Filter>Source Files\loaders</Filter>
    </ClCompile>
    <ClCompile Include="winsock_layer.cpp">
      <Filter>Source Files\layers</Filter>
    </ClCompile>
    <ClCompile Include="utility.cpp">
      <Filter>Source Files\engine\utility</Filter>
    </ClCompile>
    <ClCompile Include="entity_utility.cpp">
      <Filter>Source Files\engine\utility</Filter>
    </ClCompile>
    <ClCompile Include="memory_system.cpp">
      <Filter>Source Files\engine\systems</Filter>
    </ClCompile>
    <ClCompile Include="game_layer.cpp">
      <Filter>Source Files\layers</Filter>
    </ClCompile>
    <ClCompile Include="render_object.cpp">
      <Filter>Source Files\engine\render_objects</Filter>
    </ClCompile>
    <ClCompile Include="renderobject_system.cpp">
      <Filter>Source Files\engine\systems</Filter>
    </ClCompile>
    <ClCompile Include="debug_system.cpp">
      <Filter>Source Files\engine\systems</Filter>
    </ClCompile>
    <ClCompile Include="asset_system.cpp">
      <Filter>Source Files\engine\systems</Filter>
    </ClCompile>
    <ClCompile Include="text_system.cpp">
      <Filter>Source Files\engine\systems</Filter>
    </ClCompile>
    <ClCompile Include="state_system.cpp">
      <Filter>Source Files\engine\systems</Filter>
    </ClCompile>
    <ClCompile Include="camera_system.cpp">
      <Filter>Source Files\engine\systems</Filter>
    </ClCompile>
  </ItemGroup>
  <ItemGroup>
    <ClInclude Include="box.h">
      <Filter>Header Files\engine\render_objects</Filter>
    </ClInclude>
    <ClInclude Include="plane2d.h">
      <Filter>Header Files\engine\render_objects</Filter>
    </ClInclude>
    <ClInclude Include="rectangle.h">
      <Filter>Header Files\engine\render_objects</Filter>
    </ClInclude>
    <ClInclude Include="sphere.h">
      <Filter>Header Files\engine\render_objects</Filter>
    </ClInclude>
    <ClInclude Include="platform_layer.h">
      <Filter>Header Files\layers</Filter>
    </ClInclude>
    <ClInclude Include="render_layer.h">
      <Filter>Header Files\layers</Filter>
    </ClInclude>
    <ClInclude Include="bmp.h">
      <Filter>Header Files\loaders</Filter>
    </ClInclude>
    <ClInclude Include="linear_algebra.h">
      <Filter>Header Files\math</Filter>
    </ClInclude>
    <ClInclude Include="math.h">
      <Filter>Header Files\math</Filter>
    </ClInclude>
    <ClInclude Include="line.h">
      <Filter>Header Files\engine\render_objects</Filter>
    </ClInclude>
    <ClInclude Include="point.h">
      <Filter>Header Files\engine\render_objects</Filter>
    </ClInclude>
    <ClInclude Include="opengl.h">
      <Filter>Header Files\layers</Filter>
    </ClInclude>
    <ClInclude Include="heightmap.h">
      <Filter>Header Files\engine\render_objects</Filter>
    </ClInclude>
    <ClInclude Include="png.h">
      <Filter>Header Files\loaders</Filter>
    </ClInclude>
    <ClInclude Include="clock.h">
      <Filter>Header Files\engine\clock</Filter>
    </ClInclude>
    <ClInclude Include="collision_system.h">
      <Filter>Header Files\engine\systems</Filter>
    </ClInclude>
    <ClInclude Include="entity_system.h">
      <Filter>Header Files\engine\systems</Filter>
    </ClInclude>
    <ClInclude Include="physics_system.h">
      <Filter>Header Files\engine\systems</Filter>
    </ClInclude>
    <ClInclude Include="game_state.h">
      <Filter>Header Files\engine\program_states</Filter>
    </ClInclude>
    <ClInclude Include="menu_state.h">
      <Filter>Header Files\engine\program_states</Filter>
    </ClInclude>
    <ClInclude Include="title_state.h">
      <Filter>Header Files\engine\program_states</Filter>
    </ClInclude>
    <ClInclude Include="shaders.h">
      <Filter>Header Files\layers</Filter>
    </ClInclude>
    <ClInclude Include="input_state.h">
      <Filter>Header Files\engine\program_states</Filter>
    </ClInclude>
    <ClInclude Include="network_layer.h">
      <Filter>Header Files\layers</Filter>
    </ClInclude>
    <ClInclude Include="utility.h">
      <Filter>Header Files\engine\utility</Filter>
    </ClInclude>
    <ClInclude Include="entity_utility.h">
      <Filter>Header Files\engine\utility</Filter>
    </ClInclude>
    <ClInclude Include="memory_system.h">
      <Filter>Header Files\engine\systems</Filter>
    </ClInclude>
    <ClInclude Include="game_layer.h">
      <Filter>Header Files\layers</Filter>
    </ClInclude>
    <ClInclude Include="render_object.h">
      <Filter>Header Files\engine\render_objects</Filter>
    </ClInclude>
    <ClInclude Include="renderobject_system.h">
      <Filter>Header Files\engine\systems</Filter>
    </ClInclude>
    <ClInclude Include="debug_system.h">
      <Filter>Header Files\engine\systems</Filter>
    </ClInclude>
    <ClInclude Include="asset_system.h">
      <Filter>Header Files\engine\systems</Filter>
    </ClInclude>
    <ClInclude Include="text_system.h">
      <Filter>Header Files\engine\systems</Filter>
    </ClInclude>
    <ClInclude Include="state_system.h">
      <Filter>Header Files\engine\systems</Filter>
    </ClInclude>
    <ClInclude Include="camera_system.h">
      <Filter>Header Files\engine\systems</Filter>
    </ClInclude>
  </ItemGroup>
  <ItemGroup>
    <Text Include="OpenGL.txt">
      <Filter>Header Files\notes</Filter>
    </Text>
    <Text Include="TODO.txt">
      <Filter>Header Files\notes</Filter>
    </Text>
    <Text Include="Overview.txt">
      <Filter>Header Files\notes</Filter>
    </Text>
    <Text Include="Physics.txt">
      <Filter>Header Files\notes</Filter>
    </Text>
    <Text Include="Math.txt">
      <Filter>Header Files\notes</Filter>
    </Text>
  </ItemGroup>
</Project>